// !$*UTF8*$!
{
	archiveVersion = 1;
	classes = {
	};
	objectVersion = 46;
	objects = {

/* Begin PBXBuildFile section */
		0448904B92DA4141A55E40CEBB6927EA /* LocalizationTests.swift in Sources */ = {isa = PBXBuildFile; fileRef = 86A92AD948CD96CCE9B03F755C9964CE /* LocalizationTests.swift */; };
		0477EB946A46B9A6943407917E44B380 /* Sparkle in Frameworks */ = {isa = PBXBuildFile; productRef = 4CCC971AAD5048A5C4B06882C97D5E7A /* Sparkle */; };
		04ACDF24B7F1BE5CFD508822DD90DD92 /* UpdateCoordinatorTests.swift in Sources */ = {isa = PBXBuildFile; fileRef = C3667C769C3700BB997049297E3C1E27 /* UpdateCoordinatorTests.swift */; };
		0570B6075FD6A7E2570476FC88631322 /* CoreFoundation.framework in Frameworks */ = {isa = PBXBuildFile; fileRef = E77DA364C7AA3E1B69E07435D709CD97 /* CoreFoundation.framework */; };
		0C9F0F3D6A5243128F2A1002 /* UsageReportCache.swift in Sources */ = {isa = PBXBuildFile; fileRef = 0C9F0F3D6A5243128F2A1001 /* UsageReportCache.swift */; };
		0C9F0F3D6A5243128F2A1003 /* UsageReportCache.swift in Sources */ = {isa = PBXBuildFile; fileRef = 0C9F0F3D6A5243128F2A1001 /* UsageReportCache.swift */; };
		1350D8C4C4385A0A46D4436DF234261C /* SystemConfiguration.framework in Frameworks */ = {isa = PBXBuildFile; fileRef = 1976B9C1DAD1290CA6525E409A738916 /* SystemConfiguration.framework */; };
		156B2B2811D494E9C1847E6B710CE53E /* libtokpeek_core_ffi.a in Frameworks */ = {isa = PBXBuildFile; fileRef = 60E3A57259E6455FF1D7BF77F7744EDE /* libtokpeek_core_ffi.a */; };
		19BC73DBD2B9EC947BBBABEF49BFA2AC /* UsageOverview.swift in Sources */ = {isa = PBXBuildFile; fileRef = C4E099BEA9E0CC5DF9A02FA9AD3C5FC4 /* UsageOverview.swift */; };
		1D0EF6E2E73771550E20C63A016D4D17 /* CoreResponseTests.swift in Sources */ = {isa = PBXBuildFile; fileRef = 9060B8B19E6269BB9F2439CADB0F2D2B /* CoreResponseTests.swift */; };
		21CF368766BF85F812E37C094A385FF2 /* UsageReport.swift in Sources */ = {isa = PBXBuildFile; fileRef = 2BF69944B8971A82BFB493138ECA9714 /* UsageReport.swift */; };
		24B9B6766652A8163BA28034748932F7 /* CoreResponse.swift in Sources */ = {isa = PBXBuildFile; fileRef = 47228CFD61D2A5DB92118408D8EF17F7 /* CoreResponse.swift */; };
		24C475EF048F35479DE46BC41AA74926 /* MenuBarIconTests.swift in Sources */ = {isa = PBXBuildFile; fileRef = 5A98585877ECACCAAF8C46D0E20A2E32 /* MenuBarIconTests.swift */; };
		2B8874781884A8CCE3E7118883FCE002 /* SettingsPresenter.swift in Sources */ = {isa = PBXBuildFile; fileRef = 457E2093FB295214365D2B85885A448D /* SettingsPresenter.swift */; };
		2D05DCA0F8E90BFEBCCEDF5ACD8D4924 /* ClientBreakdownLayout.swift in Sources */ = {isa = PBXBuildFile; fileRef = BDDDEAD67D3A4107386276ED27314FD0 /* ClientBreakdownLayout.swift */; };
		360F899D991C5E4E0F0BF1D7645F05ED /* Cocoa.framework in Frameworks */ = {isa = PBXBuildFile; fileRef = A375B1F7A7962A02DADCAAFE496E5B5D /* Cocoa.framework */; };
		379307B257DCF99367D24A8F6CE07B07 /* MenuBarIcon.swift in Sources */ = {isa = PBXBuildFile; fileRef = F4A337DA6F7875ACC459F32C4C640661 /* MenuBarIcon.swift */; };
		3B882AEF64040900203317DBDE9D5E01 /* MenuBarIcon.swift in Sources */ = {isa = PBXBuildFile; fileRef = F4A337DA6F7875ACC459F32C4C640661 /* MenuBarIcon.swift */; };
		3D764FC3CCF21D4B83EEF57C3428A09C /* UsageChartLayoutTests.swift in Sources */ = {isa = PBXBuildFile; fileRef = 4E2DAF5F6C34D5D2F1D3AF9F693ABD77 /* UsageChartLayoutTests.swift */; };
		3E18342C30B6E3456E7945624768BA65 /* UsageStore.swift in Sources */ = {isa = PBXBuildFile; fileRef = FB87DD866E93B4047E9EBB506EC6B5F7 /* UsageStore.swift */; };
		3EF74052AB5966AA56732FCE21D98550 /* TokscaleClient.swift in Sources */ = {isa = PBXBuildFile; fileRef = 368093A62C325C8DC49866C75E0DC694 /* TokscaleClient.swift */; };
		3F7985F171B879C1D0834287737A5607 /* DashboardView.swift in Sources */ = {isa = PBXBuildFile; fileRef = 36F40BEB92D5650D78A550A5B25B8B67 /* DashboardView.swift */; };
		403E6CA147572B87474C7252638D2DA8 /* TokPeekApp.swift in Sources */ = {isa = PBXBuildFile; fileRef = C5E07F8FEF7D6C69E35F96B662456EDD /* TokPeekApp.swift */; };
		40B944772867917A43B65E0D9673DD27 /* UsageChartLayout.swift in Sources */ = {isa = PBXBuildFile; fileRef = CFD014D595A61FC2160510C6A01AA888 /* UsageChartLayout.swift */; };
		464DA1F62A9081FCBB74B151CC8E93E1 /* UsageReport.swift in Sources */ = {isa = PBXBuildFile; fileRef = 2BF69944B8971A82BFB493138ECA9714 /* UsageReport.swift */; };
		46A02E17E184B960616F0191480FE2FD /* SettingsStore.swift in Sources */ = {isa = PBXBuildFile; fileRef = 8CA64A0E053BCC5991C8169656658A54 /* SettingsStore.swift */; };
		522BF5346363139DC80C1084B31D9341 /* LaunchAtLoginTests.swift in Sources */ = {isa = PBXBuildFile; fileRef = 7FAF6C2B2C8ADE6F40305F307E4F4F65 /* LaunchAtLoginTests.swift */; };
		5403EED5D5810A240837259994F85CBE /* UpdateCoordinator.swift in Sources */ = {isa = PBXBuildFile; fileRef = F18BA93EEC78C5F425551F38B58A5FEB /* UpdateCoordinator.swift */; };
		545601EA32565830FBC2E02F274C6608 /* UsageStore.swift in Sources */ = {isa = PBXBuildFile; fileRef = FB87DD866E93B4047E9EBB506EC6B5F7 /* UsageStore.swift */; };
		578B718B07C7BA74D0219B0FC52AC440 /* UsageStoreTests.swift in Sources */ = {isa = PBXBuildFile; fileRef = 2A521E7F770E955BA6972373DBCEC302 /* UsageStoreTests.swift */; };
		59A857341D8219621388282D0E302C7D /* Cocoa.framework in Frameworks */ = {isa = PBXBuildFile; fileRef = A375B1F7A7962A02DADCAAFE496E5B5D /* Cocoa.framework */; };
		5B036BCBAFEF9998F81FD8B4B05C92AF /* UsageFormatting.swift in Sources */ = {isa = PBXBuildFile; fileRef = 55066C97ACC1BCFCFE9B2FF2F239B5EC /* UsageFormatting.swift */; };
		5D6FBB5D69F03285A0EA881AA8BCB8FE /* Localizable.strings in Resources */ = {isa = PBXBuildFile; fileRef = 39AF01A3863F8C34C9E9CFFE2B882CA9 /* Localizable.strings */; };
		65B4284CB0EB7B5F6C8746D13BBD1BA7 /* UsageBudget.swift in Sources */ = {isa = PBXBuildFile; fileRef = 6FF0994A67FB8D1838826D030869829C /* UsageBudget.swift */; };
		67771D26C597FA9E3702E11EB1C45DD5 /* SettingsPresenterTests.swift in Sources */ = {isa = PBXBuildFile; fileRef = 2BD2FE8AF2626A440421252C4E065CF1 /* SettingsPresenterTests.swift */; };
		6AFBCBDD0F7F2BAA6F00782CB03FBB40 /* SparkleUpdateChecker.swift in Sources */ = {isa = PBXBuildFile; fileRef = 84E297B1992E8A294D90FA3DB43EA113 /* SparkleUpdateChecker.swift */; };
		6C4B27C960F6B4EFE26AE2CC88FD7E75 /* CoreJSON.swift in Sources */ = {isa = PBXBuildFile; fileRef = 535DABD32C2B628B2BA3DADC17A71CB3 /* CoreJSON.swift */; };
		6DAD7787FCF834692E963AC5D0CC0B21 /* ModelRanking.swift in Sources */ = {isa = PBXBuildFile; fileRef = 1AEE80BE8A097FEF53C80293B11945CB /* ModelRanking.swift */; };
		6F3A2CD3E2ACC68F08433B708E6CD0C6 /* ClientBreakdownLayoutTests.swift in Sources */ = {isa = PBXBuildFile; fileRef = 36BE99D1CB8DF64FB97F45F453956BF9 /* ClientBreakdownLayoutTests.swift */; };
		70C3AED0F78F4939997F6808B8916A57 /* Localization.swift in Sources */ = {isa = PBXBuildFile; fileRef = 3252AD85BB521FE4C594460BE7B81BA5 /* Localization.swift */; };
		71FB55A08A592B7B36847A5AF7272F6B /* UsageInsights.swift in Sources */ = {isa = PBXBuildFile; fileRef = 6A971F3ADA3D0CA76DE740E37A91B79D /* UsageInsights.swift */; };
		73B48583BB0EAF99A6161816022F8522 /* Localization.swift in Sources */ = {isa = PBXBuildFile; fileRef = 3252AD85BB521FE4C594460BE7B81BA5 /* Localization.swift */; };
		7986DF7D01D0FE8715A19B505DE5BAA5 /* UsageBudgetTests.swift in Sources */ = {isa = PBXBuildFile; fileRef = 6447F017DD1AB8245E69ABA1FD0CB7E4 /* UsageBudgetTests.swift */; };
		7BA0C20787979B991FE64F2554080DE9 /* SettingsPresenter.swift in Sources */ = {isa = PBXBuildFile; fileRef = 457E2093FB295214365D2B85885A448D /* SettingsPresenter.swift */; };
		7D3ECD70BD02D3744B4EEE355382B2BB /* UsageChart.swift in Sources */ = {isa = PBXBuildFile; fileRef = BAAAA8A72252B70B13B47DA88CB5335A /* UsageChart.swift */; };
		80B0C9BDAC6211990189A31D8C281F5E /* UsageBudget.swift in Sources */ = {isa = PBXBuildFile; fileRef = 6FF0994A67FB8D1838826D030869829C /* UsageBudget.swift */; };
		8685C1738BF3E7D62C15F56FB6B1F690 /* BudgetOverview.swift in Sources */ = {isa = PBXBuildFile; fileRef = 10077C83AF7BBFCEFB23BFDA94816F68 /* BudgetOverview.swift */; };
		8929BA303119FBC30B25EC8A0078257C /* UsageFormattingTests.swift in Sources */ = {isa = PBXBuildFile; fileRef = AA5BC23D790E34E7EF6EAD6CFF162682 /* UsageFormattingTests.swift */; };
		8960E261AEB8E4EA4C7F5B53B09D5BCF /* ClientBreakdown.swift in Sources */ = {isa = PBXBuildFile; fileRef = FADB762FEBC32A1ADAE130CFE323649D /* ClientBreakdown.swift */; };
		8B6CB8372590452083AFC4EBA3416F0A /* CoreJSON.swift in Sources */ = {isa = PBXBuildFile; fileRef = 535DABD32C2B628B2BA3DADC17A71CB3 /* CoreJSON.swift */; };
		96ADD9423E365EFD4BD435FBACD61358 /* UpdateCoordinator.swift in Sources */ = {isa = PBXBuildFile; fileRef = F18BA93EEC78C5F425551F38B58A5FEB /* UpdateCoordinator.swift */; };
		A249F87A9A540A9037A48C0FC5316AD2 /* LaunchAtLogin.swift in Sources */ = {isa = PBXBuildFile; fileRef = 308C9AB78CC4932439369F15FCC96832 /* LaunchAtLogin.swift */; };
		A614347260460A44E8E2E40CE02D2878 /* UsageRequest.swift in Sources */ = {isa = PBXBuildFile; fileRef = 355940114A516A53634806D7AD832B9D /* UsageRequest.swift */; };
		A933455113B8611A10766A470781CB32 /* ClientBreakdownLayout.swift in Sources */ = {isa = PBXBuildFile; fileRef = BDDDEAD67D3A4107386276ED27314FD0 /* ClientBreakdownLayout.swift */; };
		AB080FF2F81DB79A02D9FF8767233F9B /* UsageChartLayout.swift in Sources */ = {isa = PBXBuildFile; fileRef = CFD014D595A61FC2160510C6A01AA888 /* UsageChartLayout.swift */; };
		B0F46860D553AD8404D8A03C69236FCD /* SettingsStore.swift in Sources */ = {isa = PBXBuildFile; fileRef = 8CA64A0E053BCC5991C8169656658A54 /* SettingsStore.swift */; };
		B7A73440948F4916008EE8E8BC376E9F /* UsageInsightsTests.swift in Sources */ = {isa = PBXBuildFile; fileRef = 9A5E10818071EBA6C8D1DA5364CFC115 /* UsageInsightsTests.swift */; };
		CE3DFCD2E615B8A0A24842490C01D81D /* BudgetNotifications.swift in Sources */ = {isa = PBXBuildFile; fileRef = 517DE04D25C7C62AE55BB0AE800F9207 /* BudgetNotifications.swift */; };
		CEC137E33A17B59352207C7308AF01B0 /* Assets.xcassets in Resources */ = {isa = PBXBuildFile; fileRef = 3A6F27966EB6C639B64E0314939221E5 /* Assets.xcassets */; };
		CFA3610B30A333117EA5C07BF8D1CD10 /* UsageReportTests.swift in Sources */ = {isa = PBXBuildFile; fileRef = 62F7AE0E763D0829F2562CC8AB84591A /* UsageReportTests.swift */; };
		D5966B4C8D05818B451673F943B1EC71 /* UsageFormatting.swift in Sources */ = {isa = PBXBuildFile; fileRef = 55066C97ACC1BCFCFE9B2FF2F239B5EC /* UsageFormatting.swift */; };
		D921EEE315C7609A78169C91E9C910BC /* SettingsView.swift in Sources */ = {isa = PBXBuildFile; fileRef = C6D2303AA536289BE560078179220D09 /* SettingsView.swift */; };
		E415609CBC87185650E60397E7F07D0E /* SettingsStoreTests.swift in Sources */ = {isa = PBXBuildFile; fileRef = 5BDA15A015DCAC12AE0A875FDC7041C0 /* SettingsStoreTests.swift */; };
		E6878AE8179E4F16AD56F91C81403B76 /* LaunchAtLogin.swift in Sources */ = {isa = PBXBuildFile; fileRef = 308C9AB78CC4932439369F15FCC96832 /* LaunchAtLogin.swift */; };
		ED6833BCEAD2F555AA90E1CB3F6A52C3 /* Security.framework in Frameworks */ = {isa = PBXBuildFile; fileRef = 8677E75374EA3FA1B9FC20B12AB3F82E /* Security.framework */; };
		F21D87806B9AECAFA08B260D207A6F6A /* UsageInsights.swift in Sources */ = {isa = PBXBuildFile; fileRef = 6A971F3ADA3D0CA76DE740E37A91B79D /* UsageInsights.swift */; };
		F421DF10AECEC6ED4C946CA8091070A2 /* UsageRequest.swift in Sources */ = {isa = PBXBuildFile; fileRef = 355940114A516A53634806D7AD832B9D /* UsageRequest.swift */; };
		F9E38D47784803426EEFA17A07E2D24B /* CoreResponse.swift in Sources */ = {isa = PBXBuildFile; fileRef = 47228CFD61D2A5DB92118408D8EF17F7 /* CoreResponse.swift */; };
		FD1B347AC43CCA4FA23F00C36A28C35D /* Theme.swift in Sources */ = {isa = PBXBuildFile; fileRef = 7E4E59624198BB91D6155D0662794D77 /* Theme.swift */; };
/* End PBXBuildFile section */

/* Begin PBXFileReference section */
		0C9F0F3D6A5243128F2A1001 /* UsageReportCache.swift */ = {isa = PBXFileReference; includeInIndex = 1; lastKnownFileType = sourcecode.swift; name = UsageReportCache.swift; path = TokPeekKit/UsageReportCache.swift; sourceTree = "<group>"; };
		10077C83AF7BBFCEFB23BFDA94816F68 /* BudgetOverview.swift */ = {isa = PBXFileReference; includeInIndex = 1; lastKnownFileType = sourcecode.swift; name = BudgetOverview.swift; path = TokPeek/BudgetOverview.swift; sourceTree = "<group>"; };
		11D3344648555DAD5F9C0105E68485CB /* TokPeekTests.xctest */ = {isa = PBXFileReference; explicitFileType = wrapper.cfbundle; includeInIndex = 0; path = TokPeekTests.xctest; sourceTree = BUILT_PRODUCTS_DIR; };
		139F2BEAF258794938ED1DB042BB0D59 /* Info.plist */ = {isa = PBXFileReference; includeInIndex = 1; lastKnownFileType = text.plist.xml; path = Info.plist; sourceTree = "<group>"; };
		1976B9C1DAD1290CA6525E409A738916 /* SystemConfiguration.framework */ = {isa = PBXFileReference; lastKnownFileType = wrapper.framework; name = SystemConfiguration.framework; path = System/Library/Frameworks/SystemConfiguration.framework; sourceTree = SDKROOT; };
		1AEE80BE8A097FEF53C80293B11945CB /* ModelRanking.swift */ = {isa = PBXFileReference; includeInIndex = 1; lastKnownFileType = sourcecode.swift; name = ModelRanking.swift; path = TokPeek/ModelRanking.swift; sourceTree = "<group>"; };
		2570D59C145D285817BEB258BC93A6E3 /* TokPeek.app */ = {isa = PBXFileReference; explicitFileType = wrapper.application; includeInIndex = 0; name = TokPeek.app; path = TokPeek.app; sourceTree = BUILT_PRODUCTS_DIR; };
		2A521E7F770E955BA6972373DBCEC302 /* UsageStoreTests.swift */ = {isa = PBXFileReference; includeInIndex = 1; lastKnownFileType = sourcecode.swift; name = UsageStoreTests.swift; path = TokPeekKitTests/UsageStoreTests.swift; sourceTree = "<group>"; };
		2BD2FE8AF2626A440421252C4E065CF1 /* SettingsPresenterTests.swift */ = {isa = PBXFileReference; includeInIndex = 1; lastKnownFileType = sourcecode.swift; name = SettingsPresenterTests.swift; path = TokPeekKitTests/SettingsPresenterTests.swift; sourceTree = "<group>"; };
		2BF69944B8971A82BFB493138ECA9714 /* UsageReport.swift */ = {isa = PBXFileReference; includeInIndex = 1; lastKnownFileType = sourcecode.swift; name = UsageReport.swift; path = TokPeekKit/UsageReport.swift; sourceTree = "<group>"; };
		308C9AB78CC4932439369F15FCC96832 /* LaunchAtLogin.swift */ = {isa = PBXFileReference; includeInIndex = 1; lastKnownFileType = sourcecode.swift; name = LaunchAtLogin.swift; path = TokPeekKit/LaunchAtLogin.swift; sourceTree = "<group>"; };
		3252AD85BB521FE4C594460BE7B81BA5 /* Localization.swift */ = {isa = PBXFileReference; includeInIndex = 1; lastKnownFileType = sourcecode.swift; name = Localization.swift; path = TokPeekKit/Localization.swift; sourceTree = "<group>"; };
		32D29E744F47CAB0FA1F2E6282829C50 /* tokpeek_core.h */ = {isa = PBXFileReference; includeInIndex = 1; lastKnownFileType = sourcecode.c.h; name = tokpeek_core.h; path = CTokPeekCore/include/tokpeek_core.h; sourceTree = "<group>"; };
		355940114A516A53634806D7AD832B9D /* UsageRequest.swift */ = {isa = PBXFileReference; includeInIndex = 1; lastKnownFileType = sourcecode.swift; name = UsageRequest.swift; path = TokPeekKit/UsageRequest.swift; sourceTree = "<group>"; };
		368093A62C325C8DC49866C75E0DC694 /* TokscaleClient.swift */ = {isa = PBXFileReference; includeInIndex = 1; lastKnownFileType = sourcecode.swift; name = TokscaleClient.swift; path = TokPeekBridge/TokscaleClient.swift; sourceTree = "<group>"; };
		36BE99D1CB8DF64FB97F45F453956BF9 /* ClientBreakdownLayoutTests.swift */ = {isa = PBXFileReference; includeInIndex = 1; lastKnownFileType = sourcecode.swift; name = ClientBreakdownLayoutTests.swift; path = TokPeekKitTests/ClientBreakdownLayoutTests.swift; sourceTree = "<group>"; };
		36F40BEB92D5650D78A550A5B25B8B67 /* DashboardView.swift */ = {isa = PBXFileReference; includeInIndex = 1; lastKnownFileType = sourcecode.swift; name = DashboardView.swift; path = TokPeek/DashboardView.swift; sourceTree = "<group>"; };
		3A6F27966EB6C639B64E0314939221E5 /* Assets.xcassets */ = {isa = PBXFileReference; includeInIndex = 1; lastKnownFileType = folder.assetcatalog; path = Assets.xcassets; sourceTree = "<group>"; };
		457E2093FB295214365D2B85885A448D /* SettingsPresenter.swift */ = {isa = PBXFileReference; includeInIndex = 1; lastKnownFileType = sourcecode.swift; name = SettingsPresenter.swift; path = TokPeekKit/SettingsPresenter.swift; sourceTree = "<group>"; };
		47228CFD61D2A5DB92118408D8EF17F7 /* CoreResponse.swift */ = {isa = PBXFileReference; includeInIndex = 1; lastKnownFileType = sourcecode.swift; name = CoreResponse.swift; path = TokPeekKit/CoreResponse.swift; sourceTree = "<group>"; };
		4E2DAF5F6C34D5D2F1D3AF9F693ABD77 /* UsageChartLayoutTests.swift */ = {isa = PBXFileReference; includeInIndex = 1; lastKnownFileType = sourcecode.swift; name = UsageChartLayoutTests.swift; path = TokPeekKitTests/UsageChartLayoutTests.swift; sourceTree = "<group>"; };
		517DE04D25C7C62AE55BB0AE800F9207 /* BudgetNotifications.swift */ = {isa = PBXFileReference; includeInIndex = 1; lastKnownFileType = sourcecode.swift; name = BudgetNotifications.swift; path = TokPeek/BudgetNotifications.swift; sourceTree = "<group>"; };
		535DABD32C2B628B2BA3DADC17A71CB3 /* CoreJSON.swift */ = {isa = PBXFileReference; includeInIndex = 1; lastKnownFileType = sourcecode.swift; name = CoreJSON.swift; path = TokPeekKit/CoreJSON.swift; sourceTree = "<group>"; };
		55066C97ACC1BCFCFE9B2FF2F239B5EC /* UsageFormatting.swift */ = {isa = PBXFileReference; includeInIndex = 1; lastKnownFileType = sourcecode.swift; name = UsageFormatting.swift; path = TokPeekKit/UsageFormatting.swift; sourceTree = "<group>"; };
		5A98585877ECACCAAF8C46D0E20A2E32 /* MenuBarIconTests.swift */ = {isa = PBXFileReference; includeInIndex = 1; lastKnownFileType = sourcecode.swift; name = MenuBarIconTests.swift; path = TokPeekKitTests/MenuBarIconTests.swift; sourceTree = "<group>"; };
		5BDA15A015DCAC12AE0A875FDC7041C0 /* SettingsStoreTests.swift */ = {isa = PBXFileReference; includeInIndex = 1; lastKnownFileType = sourcecode.swift; name = SettingsStoreTests.swift; path = TokPeekKitTests/SettingsStoreTests.swift; sourceTree = "<group>"; };
		60E3A57259E6455FF1D7BF77F7744EDE /* libtokpeek_core_ffi.a */ = {isa = PBXFileReference; includeInIndex = 1; lastKnownFileType = archive.ar; name = libtokpeek_core_ffi.a; path = target/universal/release/libtokpeek_core_ffi.a; sourceTree = "<group>"; };
		62F7AE0E763D0829F2562CC8AB84591A /* UsageReportTests.swift */ = {isa = PBXFileReference; includeInIndex = 1; lastKnownFileType = sourcecode.swift; name = UsageReportTests.swift; path = TokPeekKitTests/UsageReportTests.swift; sourceTree = "<group>"; };
		6447F017DD1AB8245E69ABA1FD0CB7E4 /* UsageBudgetTests.swift */ = {isa = PBXFileReference; includeInIndex = 1; lastKnownFileType = sourcecode.swift; name = UsageBudgetTests.swift; path = TokPeekKitTests/UsageBudgetTests.swift; sourceTree = "<group>"; };
		6A971F3ADA3D0CA76DE740E37A91B79D /* UsageInsights.swift */ = {isa = PBXFileReference; includeInIndex = 1; lastKnownFileType = sourcecode.swift; name = UsageInsights.swift; path = TokPeekKit/UsageInsights.swift; sourceTree = "<group>"; };
		6FF0994A67FB8D1838826D030869829C /* UsageBudget.swift */ = {isa = PBXFileReference; includeInIndex = 1; lastKnownFileType = sourcecode.swift; name = UsageBudget.swift; path = TokPeekKit/UsageBudget.swift; sourceTree = "<group>"; };
		7E4E59624198BB91D6155D0662794D77 /* Theme.swift */ = {isa = PBXFileReference; includeInIndex = 1; lastKnownFileType = sourcecode.swift; name = Theme.swift; path = TokPeek/Theme.swift; sourceTree = "<group>"; };
		7FAF6C2B2C8ADE6F40305F307E4F4F65 /* LaunchAtLoginTests.swift */ = {isa = PBXFileReference; includeInIndex = 1; lastKnownFileType = sourcecode.swift; name = LaunchAtLoginTests.swift; path = TokPeekKitTests/LaunchAtLoginTests.swift; sourceTree = "<group>"; };
		84E297B1992E8A294D90FA3DB43EA113 /* SparkleUpdateChecker.swift */ = {isa = PBXFileReference; includeInIndex = 1; lastKnownFileType = sourcecode.swift; name = SparkleUpdateChecker.swift; path = TokPeek/SparkleUpdateChecker.swift; sourceTree = "<group>"; };
		8677E75374EA3FA1B9FC20B12AB3F82E /* Security.framework */ = {isa = PBXFileReference; lastKnownFileType = wrapper.framework; name = Security.framework; path = System/Library/Frameworks/Security.framework; sourceTree = SDKROOT; };
		86A92AD948CD96CCE9B03F755C9964CE /* LocalizationTests.swift */ = {isa = PBXFileReference; includeInIndex = 1; lastKnownFileType = sourcecode.swift; name = LocalizationTests.swift; path = TokPeekKitTests/LocalizationTests.swift; sourceTree = "<group>"; };
		8CA64A0E053BCC5991C8169656658A54 /* SettingsStore.swift */ = {isa = PBXFileReference; includeInIndex = 1; lastKnownFileType = sourcecode.swift; name = SettingsStore.swift; path = TokPeekKit/SettingsStore.swift; sourceTree = "<group>"; };
		9060B8B19E6269BB9F2439CADB0F2D2B /* CoreResponseTests.swift */ = {isa = PBXFileReference; includeInIndex = 1; lastKnownFileType = sourcecode.swift; name = CoreResponseTests.swift; path = TokPeekKitTests/CoreResponseTests.swift; sourceTree = "<group>"; };
		9A5E10818071EBA6C8D1DA5364CFC115 /* UsageInsightsTests.swift */ = {isa = PBXFileReference; includeInIndex = 1; lastKnownFileType = sourcecode.swift; name = UsageInsightsTests.swift; path = TokPeekKitTests/UsageInsightsTests.swift; sourceTree = "<group>"; };
		A375B1F7A7962A02DADCAAFE496E5B5D /* Cocoa.framework */ = {isa = PBXFileReference; lastKnownFileType = wrapper.framework; name = Cocoa.framework; path = Platforms/MacOSX.platform/Developer/SDKs/MacOSX15.0.sdk/System/Library/Frameworks/Cocoa.framework; sourceTree = DEVELOPER_DIR; };
		AA5BC23D790E34E7EF6EAD6CFF162682 /* UsageFormattingTests.swift */ = {isa = PBXFileReference; includeInIndex = 1; lastKnownFileType = sourcecode.swift; name = UsageFormattingTests.swift; path = TokPeekKitTests/UsageFormattingTests.swift; sourceTree = "<group>"; };
		ADDCD9238FFD6E35E5F0EC0CC14ABAC6 /* zh-Hans */ = {isa = PBXFileReference; includeInIndex = 1; lastKnownFileType = text.plist.strings; name = "zh-Hans"; path = "zh-Hans.lproj/Localizable.strings"; sourceTree = "<group>"; };
		BAAAA8A72252B70B13B47DA88CB5335A /* UsageChart.swift */ = {isa = PBXFileReference; includeInIndex = 1; lastKnownFileType = sourcecode.swift; name = UsageChart.swift; path = TokPeek/UsageChart.swift; sourceTree = "<group>"; };
		BDDDEAD67D3A4107386276ED27314FD0 /* ClientBreakdownLayout.swift */ = {isa = PBXFileReference; includeInIndex = 1; lastKnownFileType = sourcecode.swift; name = ClientBreakdownLayout.swift; path = TokPeekKit/ClientBreakdownLayout.swift; sourceTree = "<group>"; };
		C3667C769C3700BB997049297E3C1E27 /* UpdateCoordinatorTests.swift */ = {isa = PBXFileReference; includeInIndex = 1; lastKnownFileType = sourcecode.swift; name = UpdateCoordinatorTests.swift; path = TokPeekKitTests/UpdateCoordinatorTests.swift; sourceTree = "<group>"; };
		C4E099BEA9E0CC5DF9A02FA9AD3C5FC4 /* UsageOverview.swift */ = {isa = PBXFileReference; includeInIndex = 1; lastKnownFileType = sourcecode.swift; name = UsageOverview.swift; path = TokPeek/UsageOverview.swift; sourceTree = "<group>"; };
		C5E07F8FEF7D6C69E35F96B662456EDD /* TokPeekApp.swift */ = {isa = PBXFileReference; includeInIndex = 1; lastKnownFileType = sourcecode.swift; name = TokPeekApp.swift; path = TokPeek/TokPeekApp.swift; sourceTree = "<group>"; };
		C6D2303AA536289BE560078179220D09 /* SettingsView.swift */ = {isa = PBXFileReference; includeInIndex = 1; lastKnownFileType = sourcecode.swift; name = SettingsView.swift; path = TokPeek/SettingsView.swift; sourceTree = "<group>"; };
		CF788998800D55248F72BFBAE43FC11A /* en */ = {isa = PBXFileReference; includeInIndex = 1; lastKnownFileType = text.plist.strings; name = en; path = en.lproj/Localizable.strings; sourceTree = "<group>"; };
		CFD014D595A61FC2160510C6A01AA888 /* UsageChartLayout.swift */ = {isa = PBXFileReference; includeInIndex = 1; lastKnownFileType = sourcecode.swift; name = UsageChartLayout.swift; path = TokPeekKit/UsageChartLayout.swift; sourceTree = "<group>"; };
		E77DA364C7AA3E1B69E07435D709CD97 /* CoreFoundation.framework */ = {isa = PBXFileReference; lastKnownFileType = wrapper.framework; name = CoreFoundation.framework; path = System/Library/Frameworks/CoreFoundation.framework; sourceTree = SDKROOT; };
		F18BA93EEC78C5F425551F38B58A5FEB /* UpdateCoordinator.swift */ = {isa = PBXFileReference; includeInIndex = 1; lastKnownFileType = sourcecode.swift; name = UpdateCoordinator.swift; path = TokPeekKit/UpdateCoordinator.swift; sourceTree = "<group>"; };
		F4A337DA6F7875ACC459F32C4C640661 /* MenuBarIcon.swift */ = {isa = PBXFileReference; includeInIndex = 1; lastKnownFileType = sourcecode.swift; name = MenuBarIcon.swift; path = TokPeekKit/MenuBarIcon.swift; sourceTree = "<group>"; };
		FADB762FEBC32A1ADAE130CFE323649D /* ClientBreakdown.swift */ = {isa = PBXFileReference; includeInIndex = 1; lastKnownFileType = sourcecode.swift; name = ClientBreakdown.swift; path = TokPeek/ClientBreakdown.swift; sourceTree = "<group>"; };
		FB87DD866E93B4047E9EBB506EC6B5F7 /* UsageStore.swift */ = {isa = PBXFileReference; includeInIndex = 1; lastKnownFileType = sourcecode.swift; name = UsageStore.swift; path = TokPeekKit/UsageStore.swift; sourceTree = "<group>"; };
/* End PBXFileReference section */

/* Begin PBXFrameworksBuildPhase section */
		C820824CEFAA0CAA073274A6761B8001 /* Frameworks */ = {
			isa = PBXFrameworksBuildPhase;
			buildActionMask = 2147483647;
			files = (
				360F899D991C5E4E0F0BF1D7645F05ED /* Cocoa.framework in Frameworks */,
				0477EB946A46B9A6943407917E44B380 /* Sparkle in Frameworks */,
				156B2B2811D494E9C1847E6B710CE53E /* libtokpeek_core_ffi.a in Frameworks */,
				ED6833BCEAD2F555AA90E1CB3F6A52C3 /* Security.framework in Frameworks */,
				1350D8C4C4385A0A46D4436DF234261C /* SystemConfiguration.framework in Frameworks */,
				0570B6075FD6A7E2570476FC88631322 /* CoreFoundation.framework in Frameworks */,
			);
			runOnlyForDeploymentPostprocessing = 0;
		};
		F18D57A5733A5E99FA65F6C2A9BF9917 /* Frameworks */ = {
			isa = PBXFrameworksBuildPhase;
			buildActionMask = 2147483647;
			files = (
				59A857341D8219621388282D0E302C7D /* Cocoa.framework in Frameworks */,
			);
			runOnlyForDeploymentPostprocessing = 0;
		};
/* End PBXFrameworksBuildPhase section */

/* Begin PBXGroup section */
		30A55701970DCB8208F7A2926F24A4B7 /* Rust */ = {
			isa = PBXGroup;
			children = (
				60E3A57259E6455FF1D7BF77F7744EDE /* libtokpeek_core_ffi.a */,
			);
			name = Rust;
			path = rust;
			sourceTree = "<group>";
		};
		3FB6065931E51CD145F84AA16AD44A59 /* OS X */ = {
			isa = PBXGroup;
			children = (
				A375B1F7A7962A02DADCAAFE496E5B5D /* Cocoa.framework */,
			);
			name = "OS X";
			sourceTree = "<group>";
		};
		4005E265310925C02A0BEC8E658E32F8 = {
			isa = PBXGroup;
			children = (
				D5F477245CAF669A8374512F9DEBB9BB /* Products */,
				DCB1359F4B6946B2EF6914D97B592FC0 /* Frameworks */,
				F91FCC78EF263912BC3957EB5E8355CF /* Sources */,
				4A2F152C79EFAC8AE32A60D2296BBE25 /* Resources */,
				A74C5A87657C3BBCFEB4BD5DB7D6DED2 /* Tests */,
				30A55701970DCB8208F7A2926F24A4B7 /* Rust */,
			);
			sourceTree = "<group>";
		};
		4A2F152C79EFAC8AE32A60D2296BBE25 /* Resources */ = {
			isa = PBXGroup;
			children = (
				3A6F27966EB6C639B64E0314939221E5 /* Assets.xcassets */,
				39AF01A3863F8C34C9E9CFFE2B882CA9 /* Localizable.strings */,
				139F2BEAF258794938ED1DB042BB0D59 /* Info.plist */,
			);
			name = Resources;
			path = Resources;
			sourceTree = "<group>";
		};
		A74C5A87657C3BBCFEB4BD5DB7D6DED2 /* Tests */ = {
			isa = PBXGroup;
			children = (
				36BE99D1CB8DF64FB97F45F453956BF9 /* ClientBreakdownLayoutTests.swift */,
				9060B8B19E6269BB9F2439CADB0F2D2B /* CoreResponseTests.swift */,
				7FAF6C2B2C8ADE6F40305F307E4F4F65 /* LaunchAtLoginTests.swift */,
				86A92AD948CD96CCE9B03F755C9964CE /* LocalizationTests.swift */,
				5A98585877ECACCAAF8C46D0E20A2E32 /* MenuBarIconTests.swift */,
				2BD2FE8AF2626A440421252C4E065CF1 /* SettingsPresenterTests.swift */,
				5BDA15A015DCAC12AE0A875FDC7041C0 /* SettingsStoreTests.swift */,
				C3667C769C3700BB997049297E3C1E27 /* UpdateCoordinatorTests.swift */,
				6447F017DD1AB8245E69ABA1FD0CB7E4 /* UsageBudgetTests.swift */,
				4E2DAF5F6C34D5D2F1D3AF9F693ABD77 /* UsageChartLayoutTests.swift */,
				AA5BC23D790E34E7EF6EAD6CFF162682 /* UsageFormattingTests.swift */,
				9A5E10818071EBA6C8D1DA5364CFC115 /* UsageInsightsTests.swift */,
				62F7AE0E763D0829F2562CC8AB84591A /* UsageReportTests.swift */,
				2A521E7F770E955BA6972373DBCEC302 /* UsageStoreTests.swift */,
			);
			name = Tests;
			path = Tests;
			sourceTree = "<group>";
		};
		D5F477245CAF669A8374512F9DEBB9BB /* Products */ = {
			isa = PBXGroup;
			children = (
				2570D59C145D285817BEB258BC93A6E3 /* TokPeek.app */,
				11D3344648555DAD5F9C0105E68485CB /* TokPeekTests.xctest */,
			);
			name = Products;
			sourceTree = "<group>";
		};
		DCB1359F4B6946B2EF6914D97B592FC0 /* Frameworks */ = {
			isa = PBXGroup;
			children = (
				3FB6065931E51CD145F84AA16AD44A59 /* OS X */,
				8677E75374EA3FA1B9FC20B12AB3F82E /* Security.framework */,
				1976B9C1DAD1290CA6525E409A738916 /* SystemConfiguration.framework */,
				E77DA364C7AA3E1B69E07435D709CD97 /* CoreFoundation.framework */,
			);
			name = Frameworks;
			sourceTree = "<group>";
		};
		F91FCC78EF263912BC3957EB5E8355CF /* Sources */ = {
			isa = PBXGroup;
			children = (
				517DE04D25C7C62AE55BB0AE800F9207 /* BudgetNotifications.swift */,
				10077C83AF7BBFCEFB23BFDA94816F68 /* BudgetOverview.swift */,
				FADB762FEBC32A1ADAE130CFE323649D /* ClientBreakdown.swift */,
				36F40BEB92D5650D78A550A5B25B8B67 /* DashboardView.swift */,
				1AEE80BE8A097FEF53C80293B11945CB /* ModelRanking.swift */,
				C6D2303AA536289BE560078179220D09 /* SettingsView.swift */,
				84E297B1992E8A294D90FA3DB43EA113 /* SparkleUpdateChecker.swift */,
				7E4E59624198BB91D6155D0662794D77 /* Theme.swift */,
				C5E07F8FEF7D6C69E35F96B662456EDD /* TokPeekApp.swift */,
				BAAAA8A72252B70B13B47DA88CB5335A /* UsageChart.swift */,
				C4E099BEA9E0CC5DF9A02FA9AD3C5FC4 /* UsageOverview.swift */,
				368093A62C325C8DC49866C75E0DC694 /* TokscaleClient.swift */,
				BDDDEAD67D3A4107386276ED27314FD0 /* ClientBreakdownLayout.swift */,
				535DABD32C2B628B2BA3DADC17A71CB3 /* CoreJSON.swift */,
				47228CFD61D2A5DB92118408D8EF17F7 /* CoreResponse.swift */,
				308C9AB78CC4932439369F15FCC96832 /* LaunchAtLogin.swift */,
				3252AD85BB521FE4C594460BE7B81BA5 /* Localization.swift */,
				F4A337DA6F7875ACC459F32C4C640661 /* MenuBarIcon.swift */,
				457E2093FB295214365D2B85885A448D /* SettingsPresenter.swift */,
				8CA64A0E053BCC5991C8169656658A54 /* SettingsStore.swift */,
				F18BA93EEC78C5F425551F38B58A5FEB /* UpdateCoordinator.swift */,
				6FF0994A67FB8D1838826D030869829C /* UsageBudget.swift */,
				CFD014D595A61FC2160510C6A01AA888 /* UsageChartLayout.swift */,
				55066C97ACC1BCFCFE9B2FF2F239B5EC /* UsageFormatting.swift */,
				6A971F3ADA3D0CA76DE740E37A91B79D /* UsageInsights.swift */,
				2BF69944B8971A82BFB493138ECA9714 /* UsageReport.swift */,
				0C9F0F3D6A5243128F2A1001 /* UsageReportCache.swift */,
				355940114A516A53634806D7AD832B9D /* UsageRequest.swift */,
				FB87DD866E93B4047E9EBB506EC6B5F7 /* UsageStore.swift */,
				32D29E744F47CAB0FA1F2E6282829C50 /* tokpeek_core.h */,
			);
			name = Sources;
			path = Sources;
			sourceTree = "<group>";
		};
/* End PBXGroup section */

/* Begin PBXNativeTarget section */
		0209F2B32742E7B814165B6B0B66CA7C /* TokPeek */ = {
			isa = PBXNativeTarget;
			buildConfigurationList = C906733668D5E3D419B941BD561F4B36 /* Build configuration list for PBXNativeTarget "TokPeek" */;
			buildPhases = (
				4D3D79C8B2A6C4F01A22B2960AABA93D /* Build Tokscale Core */,
				0F242C11B7AD461A9ACA0CFC56705890 /* Sources */,
				C820824CEFAA0CAA073274A6761B8001 /* Frameworks */,
				B381C22D59A1F59657699285CB4D547E /* Resources */,
			);
			buildRules = (
			);
			dependencies = (
			);
			name = TokPeek;
			packageProductDependencies = (
				4CCC971AAD5048A5C4B06882C97D5E7A /* Sparkle */,
			);
			productName = TokPeek;
			productReference = 2570D59C145D285817BEB258BC93A6E3 /* TokPeek.app */;
			productType = "com.apple.product-type.application";
		};
		B7AEB27E54262D46DE2252FFACF5342A /* TokPeekTests */ = {
			isa = PBXNativeTarget;
			buildConfigurationList = BAC4FA2DB4237FAC912554B9B9B2FA69 /* Build configuration list for PBXNativeTarget "TokPeekTests" */;
			buildPhases = (
				5B8687DA54696A2E349FE25FDE9BF904 /* Sources */,
				F18D57A5733A5E99FA65F6C2A9BF9917 /* Frameworks */,
				2F463B516F2166C9EBA3A2DC05B262ED /* Resources */,
			);
			buildRules = (
			);
			dependencies = (
			);
			name = TokPeekTests;
			productName = TokPeekTests;
			productReference = 11D3344648555DAD5F9C0105E68485CB /* TokPeekTests.xctest */;
			productType = "com.apple.product-type.bundle.unit-test";
		};
/* End PBXNativeTarget section */

/* Begin PBXProject section */
		F94ED967A767D819CF5A4ADF72E00FE7 /* Project object */ = {
			isa = PBXProject;
			attributes = {
				LastSwiftUpdateCheck = 2620;
				LastUpgradeCheck = 2620;
			};
			buildConfigurationList = B2656BFB57DEF0954689370BC713BD3A /* Build configuration list for PBXProject "TokPeek" */;
			compatibilityVersion = "Xcode 3.2";
			developmentRegion = en;
			hasScannedForEncodings = 0;
			knownRegions = (
				en,
				Base,
				"zh-Hans",
			);
			mainGroup = 4005E265310925C02A0BEC8E658E32F8;
			minimizedProjectReferenceProxies = 0;
			packageReferences = (
				17601C4D3E085B758A27288F649D6CCE /* XCRemoteSwiftPackageReference "Sparkle" */,
			);
			preferredProjectObjectVersion = 77;
			productRefGroup = D5F477245CAF669A8374512F9DEBB9BB /* Products */;
			projectDirPath = "";
			projectRoot = "";
			targets = (
				0209F2B32742E7B814165B6B0B66CA7C /* TokPeek */,
				B7AEB27E54262D46DE2252FFACF5342A /* TokPeekTests */,
			);
		};
/* End PBXProject section */

/* Begin PBXResourcesBuildPhase section */
		2F463B516F2166C9EBA3A2DC05B262ED /* Resources */ = {
			isa = PBXResourcesBuildPhase;
			buildActionMask = 2147483647;
			files = (
			);
			runOnlyForDeploymentPostprocessing = 0;
		};
		B381C22D59A1F59657699285CB4D547E /* Resources */ = {
			isa = PBXResourcesBuildPhase;
			buildActionMask = 2147483647;
			files = (
				CEC137E33A17B59352207C7308AF01B0 /* Assets.xcassets in Resources */,
				5D6FBB5D69F03285A0EA881AA8BCB8FE /* Localizable.strings in Resources */,
			);
			runOnlyForDeploymentPostprocessing = 0;
		};
/* End PBXResourcesBuildPhase section */

/* Begin PBXShellScriptBuildPhase section */
		4D3D79C8B2A6C4F01A22B2960AABA93D /* Build Tokscale Core */ = {
			isa = PBXShellScriptBuildPhase;
			alwaysOutOfDate = 1;
			buildActionMask = 2147483647;
			files = (
			);
			inputFileListPaths = (
			);
			inputPaths = (
			);
			name = "Build Tokscale Core";
			outputFileListPaths = (
			);
			outputPaths = (
			);
			runOnlyForDeploymentPostprocessing = 0;
			shellPath = /bin/zsh;
			shellScript = "set -euo pipefail\nexport PATH=\"$HOME/.cargo/bin:/opt/homebrew/bin:/usr/local/bin:$PATH\"\nexport MACOSX_DEPLOYMENT_TARGET=\"${MACOSX_DEPLOYMENT_TARGET:-14.0}\"\n\"$PROJECT_DIR/scripts/build-rust-universal.sh\"\n";
		};
/* End PBXShellScriptBuildPhase section */

/* Begin PBXSourcesBuildPhase section */
		0F242C11B7AD461A9ACA0CFC56705890 /* Sources */ = {
			isa = PBXSourcesBuildPhase;
			buildActionMask = 2147483647;
			files = (
				CE3DFCD2E615B8A0A24842490C01D81D /* BudgetNotifications.swift in Sources */,
				8685C1738BF3E7D62C15F56FB6B1F690 /* BudgetOverview.swift in Sources */,
				8960E261AEB8E4EA4C7F5B53B09D5BCF /* ClientBreakdown.swift in Sources */,
				3F7985F171B879C1D0834287737A5607 /* DashboardView.swift in Sources */,
				6DAD7787FCF834692E963AC5D0CC0B21 /* ModelRanking.swift in Sources */,
				D921EEE315C7609A78169C91E9C910BC /* SettingsView.swift in Sources */,
				6AFBCBDD0F7F2BAA6F00782CB03FBB40 /* SparkleUpdateChecker.swift in Sources */,
				FD1B347AC43CCA4FA23F00C36A28C35D /* Theme.swift in Sources */,
				403E6CA147572B87474C7252638D2DA8 /* TokPeekApp.swift in Sources */,
				7D3ECD70BD02D3744B4EEE355382B2BB /* UsageChart.swift in Sources */,
				19BC73DBD2B9EC947BBBABEF49BFA2AC /* UsageOverview.swift in Sources */,
				3EF74052AB5966AA56732FCE21D98550 /* TokscaleClient.swift in Sources */,
				2D05DCA0F8E90BFEBCCEDF5ACD8D4924 /* ClientBreakdownLayout.swift in Sources */,
				8B6CB8372590452083AFC4EBA3416F0A /* CoreJSON.swift in Sources */,
				24B9B6766652A8163BA28034748932F7 /* CoreResponse.swift in Sources */,
				A249F87A9A540A9037A48C0FC5316AD2 /* LaunchAtLogin.swift in Sources */,
				73B48583BB0EAF99A6161816022F8522 /* Localization.swift in Sources */,
				3B882AEF64040900203317DBDE9D5E01 /* MenuBarIcon.swift in Sources */,
				7BA0C20787979B991FE64F2554080DE9 /* SettingsPresenter.swift in Sources */,
				B0F46860D553AD8404D8A03C69236FCD /* SettingsStore.swift in Sources */,
				5403EED5D5810A240837259994F85CBE /* UpdateCoordinator.swift in Sources */,
				80B0C9BDAC6211990189A31D8C281F5E /* UsageBudget.swift in Sources */,
				40B944772867917A43B65E0D9673DD27 /* UsageChartLayout.swift in Sources */,
				D5966B4C8D05818B451673F943B1EC71 /* UsageFormatting.swift in Sources */,
				F21D87806B9AECAFA08B260D207A6F6A /* UsageInsights.swift in Sources */,
				21CF368766BF85F812E37C094A385FF2 /* UsageReport.swift in Sources */,
				0C9F0F3D6A5243128F2A1002 /* UsageReportCache.swift in Sources */,
				F421DF10AECEC6ED4C946CA8091070A2 /* UsageRequest.swift in Sources */,
				545601EA32565830FBC2E02F274C6608 /* UsageStore.swift in Sources */,
			);
			runOnlyForDeploymentPostprocessing = 0;
		};
		5B8687DA54696A2E349FE25FDE9BF904 /* Sources */ = {
			isa = PBXSourcesBuildPhase;
			buildActionMask = 2147483647;
			files = (
				A933455113B8611A10766A470781CB32 /* ClientBreakdownLayout.swift in Sources */,
				6C4B27C960F6B4EFE26AE2CC88FD7E75 /* CoreJSON.swift in Sources */,
				F9E38D47784803426EEFA17A07E2D24B /* CoreResponse.swift in Sources */,
				E6878AE8179E4F16AD56F91C81403B76 /* LaunchAtLogin.swift in Sources */,
				70C3AED0F78F4939997F6808B8916A57 /* Localization.swift in Sources */,
				379307B257DCF99367D24A8F6CE07B07 /* MenuBarIcon.swift in Sources */,
				2B8874781884A8CCE3E7118883FCE002 /* SettingsPresenter.swift in Sources */,
				46A02E17E184B960616F0191480FE2FD /* SettingsStore.swift in Sources */,
				96ADD9423E365EFD4BD435FBACD61358 /* UpdateCoordinator.swift in Sources */,
				65B4284CB0EB7B5F6C8746D13BBD1BA7 /* UsageBudget.swift in Sources */,
				AB080FF2F81DB79A02D9FF8767233F9B /* UsageChartLayout.swift in Sources */,
				5B036BCBAFEF9998F81FD8B4B05C92AF /* UsageFormatting.swift in Sources */,
				71FB55A08A592B7B36847A5AF7272F6B /* UsageInsights.swift in Sources */,
				464DA1F62A9081FCBB74B151CC8E93E1 /* UsageReport.swift in Sources */,
				0C9F0F3D6A5243128F2A1003 /* UsageReportCache.swift in Sources */,
				A614347260460A44E8E2E40CE02D2878 /* UsageRequest.swift in Sources */,
				3E18342C30B6E3456E7945624768BA65 /* UsageStore.swift in Sources */,
				6F3A2CD3E2ACC68F08433B708E6CD0C6 /* ClientBreakdownLayoutTests.swift in Sources */,
				1D0EF6E2E73771550E20C63A016D4D17 /* CoreResponseTests.swift in Sources */,
				522BF5346363139DC80C1084B31D9341 /* LaunchAtLoginTests.swift in Sources */,
				0448904B92DA4141A55E40CEBB6927EA /* LocalizationTests.swift in Sources */,
				24C475EF048F35479DE46BC41AA74926 /* MenuBarIconTests.swift in Sources */,
				67771D26C597FA9E3702E11EB1C45DD5 /* SettingsPresenterTests.swift in Sources */,
				E415609CBC87185650E60397E7F07D0E /* SettingsStoreTests.swift in Sources */,
				04ACDF24B7F1BE5CFD508822DD90DD92 /* UpdateCoordinatorTests.swift in Sources */,
				7986DF7D01D0FE8715A19B505DE5BAA5 /* UsageBudgetTests.swift in Sources */,
				3D764FC3CCF21D4B83EEF57C3428A09C /* UsageChartLayoutTests.swift in Sources */,
				8929BA303119FBC30B25EC8A0078257C /* UsageFormattingTests.swift in Sources */,
				B7A73440948F4916008EE8E8BC376E9F /* UsageInsightsTests.swift in Sources */,
				CFA3610B30A333117EA5C07BF8D1CD10 /* UsageReportTests.swift in Sources */,
				578B718B07C7BA74D0219B0FC52AC440 /* UsageStoreTests.swift in Sources */,
			);
			runOnlyForDeploymentPostprocessing = 0;
		};
/* End PBXSourcesBuildPhase section */

/* Begin PBXVariantGroup section */
		39AF01A3863F8C34C9E9CFFE2B882CA9 /* Localizable.strings */ = {
			isa = PBXVariantGroup;
			children = (
				CF788998800D55248F72BFBAE43FC11A /* en */,
				ADDCD9238FFD6E35E5F0EC0CC14ABAC6 /* zh-Hans */,
			);
			name = Localizable.strings;
			sourceTree = "<group>";
		};
/* End PBXVariantGroup section */

/* Begin XCBuildConfiguration section */
		0CFBACAB425EAF831033D6FACE07A663 /* Debug */ = {
			isa = XCBuildConfiguration;
			buildSettings = {
				CODE_SIGNING_ALLOWED = NO;
				GENERATE_INFOPLIST_FILE = YES;
				MACOSX_DEPLOYMENT_TARGET = 14.0;
				PRODUCT_BUNDLE_IDENTIFIER = com.tokpeek.tests;
				SDKROOT = macosx;
				SWIFT_ACTIVE_COMPILATION_CONDITIONS = "$(inherited) XCODE_PROJECT";
				SWIFT_STRICT_CONCURRENCY = complete;
				TEST_HOST = "";
			};
			name = Debug;
		};
		22A276769BC0A856F82234B2DBF8ADC9 /* Release */ = {
			isa = XCBuildConfiguration;
			buildSettings = {
				CODE_SIGNING_ALLOWED = NO;
				GENERATE_INFOPLIST_FILE = YES;
				MACOSX_DEPLOYMENT_TARGET = 14.0;
				PRODUCT_BUNDLE_IDENTIFIER = com.tokpeek.tests;
				SDKROOT = macosx;
				SWIFT_ACTIVE_COMPILATION_CONDITIONS = "$(inherited) XCODE_PROJECT";
				SWIFT_STRICT_CONCURRENCY = complete;
				TEST_HOST = "";
			};
			name = Release;
		};
		4D81EB50CCF428E55681E1E2FFE128F9 /* Debug */ = {
			isa = XCBuildConfiguration;
			buildSettings = {
				ASSETCATALOG_COMPILER_APPICON_NAME = AppIcon;
				ASSETCATALOG_COMPILER_GLOBAL_ACCENT_COLOR_NAME = AccentColor;
				CLANG_ENABLE_MODULES = YES;
				CODE_SIGN_STYLE = Automatic;
				COMBINE_HIDPI_IMAGES = YES;
				CURRENT_PROJECT_VERSION = 1;
				ENABLE_HARDENED_RUNTIME = YES;
				GENERATE_INFOPLIST_FILE = NO;
				INFOPLIST_FILE = Resources/Info.plist;
				LD_RUNPATH_SEARCH_PATHS = "$(inherited) @executable_path/../Frameworks";
				LIBRARY_SEARCH_PATHS = (
					"$(inherited)",
					"$(PROJECT_DIR)/rust/target/universal/release",
				);
				MACOSX_DEPLOYMENT_TARGET = 14.0;
				MARKETING_VERSION = 0.1.0;
				OTHER_LDFLAGS = (
					"$(inherited)",
					"-lc++",
					"-lresolv",
				);
				PRODUCT_BUNDLE_IDENTIFIER = com.tokpeek.app;
				PRODUCT_NAME = TokPeek;
				SDKROOT = macosx;
				SWIFT_OBJC_BRIDGING_HEADER = Sources/CTokPeekCore/include/tokpeek_core.h;
				SWIFT_STRICT_CONCURRENCY = complete;
			};
			name = Debug;
		};
		70B56833EA84012D040A291FA5F1BD28 /* Debug */ = {
			isa = XCBuildConfiguration;
			buildSettings = {
				ALWAYS_SEARCH_USER_PATHS = NO;
				CLANG_ANALYZER_NONNULL = YES;
				CLANG_ANALYZER_NUMBER_OBJECT_CONVERSION = YES_AGGRESSIVE;
				CLANG_CXX_LANGUAGE_STANDARD = "gnu++14";
				CLANG_CXX_LIBRARY = "libc++";
				CLANG_ENABLE_MODULES = YES;
				CLANG_ENABLE_OBJC_ARC = YES;
				CLANG_ENABLE_OBJC_WEAK = YES;
				CLANG_WARN_BLOCK_CAPTURE_AUTORELEASING = YES;
				CLANG_WARN_BOOL_CONVERSION = YES;
				CLANG_WARN_COMMA = YES;
				CLANG_WARN_CONSTANT_CONVERSION = YES;
				CLANG_WARN_DEPRECATED_OBJC_IMPLEMENTATIONS = YES;
				CLANG_WARN_DIRECT_OBJC_ISA_USAGE = YES_ERROR;
				CLANG_WARN_DOCUMENTATION_COMMENTS = YES;
				CLANG_WARN_EMPTY_BODY = YES;
				CLANG_WARN_ENUM_CONVERSION = YES;
				CLANG_WARN_INFINITE_RECURSION = YES;
				CLANG_WARN_INT_CONVERSION = YES;
				CLANG_WARN_NON_LITERAL_NULL_CONVERSION = YES;
				CLANG_WARN_OBJC_IMPLICIT_RETAIN_SELF = YES;
				CLANG_WARN_OBJC_LITERAL_CONVERSION = YES;
				CLANG_WARN_OBJC_ROOT_CLASS = YES_ERROR;
				CLANG_WARN_QUOTED_INCLUDE_IN_FRAMEWORK_HEADER = YES;
				CLANG_WARN_RANGE_LOOP_ANALYSIS = YES;
				CLANG_WARN_STRICT_PROTOTYPES = YES;
				CLANG_WARN_SUSPICIOUS_MOVE = YES;
				CLANG_WARN_UNGUARDED_AVAILABILITY = YES_AGGRESSIVE;
				CLANG_WARN_UNREACHABLE_CODE = YES;
				CLANG_WARN__DUPLICATE_METHOD_MATCH = YES;
				COPY_PHASE_STRIP = NO;
				DEBUG_INFORMATION_FORMAT = dwarf;
				ENABLE_STRICT_OBJC_MSGSEND = YES;
				ENABLE_TESTABILITY = YES;
				GCC_C_LANGUAGE_STANDARD = gnu11;
				GCC_DYNAMIC_NO_PIC = NO;
				GCC_NO_COMMON_BLOCKS = YES;
				GCC_OPTIMIZATION_LEVEL = 0;
				GCC_PREPROCESSOR_DEFINITIONS = (
					"DEBUG=1",
					"$(inherited)",
				);
				GCC_WARN_64_TO_32_BIT_CONVERSION = YES;
				GCC_WARN_ABOUT_RETURN_TYPE = YES_ERROR;
				GCC_WARN_UNDECLARED_SELECTOR = YES;
				GCC_WARN_UNINITIALIZED_AUTOS = YES_AGGRESSIVE;
				GCC_WARN_UNUSED_FUNCTION = YES;
				GCC_WARN_UNUSED_VARIABLE = YES;
				MACOSX_DEPLOYMENT_TARGET = 14.0;
				MTL_ENABLE_DEBUG_INFO = INCLUDE_SOURCE;
				MTL_FAST_MATH = YES;
				ONLY_ACTIVE_ARCH = YES;
				PRODUCT_NAME = "$(TARGET_NAME)";
				SWIFT_ACTIVE_COMPILATION_CONDITIONS = DEBUG;
				SWIFT_OPTIMIZATION_LEVEL = "-Onone";
				SWIFT_VERSION = 6.0;
			};
			name = Debug;
		};
		B15280A297636CCBFD8CEF6A1847E57B /* Release */ = {
			isa = XCBuildConfiguration;
			buildSettings = {
				ASSETCATALOG_COMPILER_APPICON_NAME = AppIcon;
				ASSETCATALOG_COMPILER_GLOBAL_ACCENT_COLOR_NAME = AccentColor;
				CLANG_ENABLE_MODULES = YES;
				CODE_SIGN_STYLE = Automatic;
				COMBINE_HIDPI_IMAGES = YES;
				CURRENT_PROJECT_VERSION = 1;
				ENABLE_HARDENED_RUNTIME = YES;
				GENERATE_INFOPLIST_FILE = NO;
				INFOPLIST_FILE = Resources/Info.plist;
				LD_RUNPATH_SEARCH_PATHS = "$(inherited) @executable_path/../Frameworks";
				LIBRARY_SEARCH_PATHS = (
					"$(inherited)",
					"$(PROJECT_DIR)/rust/target/universal/release",
				);
				MACOSX_DEPLOYMENT_TARGET = 14.0;
				MARKETING_VERSION = 0.1.0;
				OTHER_LDFLAGS = (
					"$(inherited)",
					"-lc++",
					"-lresolv",
				);
				PRODUCT_BUNDLE_IDENTIFIER = com.tokpeek.app;
				PRODUCT_NAME = TokPeek;
				SDKROOT = macosx;
				SWIFT_OBJC_BRIDGING_HEADER = Sources/CTokPeekCore/include/tokpeek_core.h;
				SWIFT_STRICT_CONCURRENCY = complete;
			};
			name = Release;
		};
		BB5A49188DA17A85CACAA5243A2448AC /* Release */ = {
			isa = XCBuildConfiguration;
			buildSettings = {
				ALWAYS_SEARCH_USER_PATHS = NO;
				CLANG_ANALYZER_NONNULL = YES;
				CLANG_ANALYZER_NUMBER_OBJECT_CONVERSION = YES_AGGRESSIVE;
				CLANG_CXX_LANGUAGE_STANDARD = "gnu++14";
				CLANG_CXX_LIBRARY = "libc++";
				CLANG_ENABLE_MODULES = YES;
				CLANG_ENABLE_OBJC_ARC = YES;
				CLANG_ENABLE_OBJC_WEAK = YES;
				CLANG_WARN_BLOCK_CAPTURE_AUTORELEASING = YES;
				CLANG_WARN_BOOL_CONVERSION = YES;
				CLANG_WARN_COMMA = YES;
				CLANG_WARN_CONSTANT_CONVERSION = YES;
				CLANG_WARN_DEPRECATED_OBJC_IMPLEMENTATIONS = YES;
				CLANG_WARN_DIRECT_OBJC_ISA_USAGE = YES_ERROR;
				CLANG_WARN_DOCUMENTATION_COMMENTS = YES;
				CLANG_WARN_EMPTY_BODY = YES;
				CLANG_WARN_ENUM_CONVERSION = YES;
				CLANG_WARN_INFINITE_RECURSION = YES;
				CLANG_WARN_INT_CONVERSION = YES;
				CLANG_WARN_NON_LITERAL_NULL_CONVERSION = YES;
				CLANG_WARN_OBJC_IMPLICIT_RETAIN_SELF = YES;
				CLANG_WARN_OBJC_LITERAL_CONVERSION = YES;
				CLANG_WARN_OBJC_ROOT_CLASS = YES_ERROR;
				CLANG_WARN_QUOTED_INCLUDE_IN_FRAMEWORK_HEADER = YES;
				CLANG_WARN_RANGE_LOOP_ANALYSIS = YES;
				CLANG_WARN_STRICT_PROTOTYPES = YES;
				CLANG_WARN_SUSPICIOUS_MOVE = YES;
				CLANG_WARN_UNGUARDED_AVAILABILITY = YES_AGGRESSIVE;
				CLANG_WARN_UNREACHABLE_CODE = YES;
				CLANG_WARN__DUPLICATE_METHOD_MATCH = YES;
				COPY_PHASE_STRIP = NO;
				DEBUG_INFORMATION_FORMAT = "dwarf-with-dsym";
				ENABLE_NS_ASSERTIONS = NO;
				ENABLE_STRICT_OBJC_MSGSEND = YES;
				GCC_C_LANGUAGE_STANDARD = gnu11;
				GCC_NO_COMMON_BLOCKS = YES;
				GCC_WARN_64_TO_32_BIT_CONVERSION = YES;
				GCC_WARN_ABOUT_RETURN_TYPE = YES_ERROR;
				GCC_WARN_UNDECLARED_SELECTOR = YES;
				GCC_WARN_UNINITIALIZED_AUTOS = YES_AGGRESSIVE;
				GCC_WARN_UNUSED_FUNCTION = YES;
				GCC_WARN_UNUSED_VARIABLE = YES;
				MACOSX_DEPLOYMENT_TARGET = 14.0;
				MTL_ENABLE_DEBUG_INFO = NO;
				MTL_FAST_MATH = YES;
				PRODUCT_NAME = "$(TARGET_NAME)";
				SWIFT_COMPILATION_MODE = wholemodule;
				SWIFT_OPTIMIZATION_LEVEL = "-O";
				SWIFT_VERSION = 6.0;
			};
			name = Release;
		};
/* End XCBuildConfiguration section */

/* Begin XCConfigurationList section */
		B2656BFB57DEF0954689370BC713BD3A /* Build configuration list for PBXProject "TokPeek" */ = {
			isa = XCConfigurationList;
			buildConfigurations = (
				70B56833EA84012D040A291FA5F1BD28 /* Debug */,
				BB5A49188DA17A85CACAA5243A2448AC /* Release */,
			);
			defaultConfigurationIsVisible = 0;
			defaultConfigurationName = Release;
		};
		BAC4FA2DB4237FAC912554B9B9B2FA69 /* Build configuration list for PBXNativeTarget "TokPeekTests" */ = {
			isa = XCConfigurationList;
			buildConfigurations = (
				22A276769BC0A856F82234B2DBF8ADC9 /* Release */,
				0CFBACAB425EAF831033D6FACE07A663 /* Debug */,
			);
			defaultConfigurationIsVisible = 0;
			defaultConfigurationName = Release;
		};
		C906733668D5E3D419B941BD561F4B36 /* Build configuration list for PBXNativeTarget "TokPeek" */ = {
			isa = XCConfigurationList;
			buildConfigurations = (
				B15280A297636CCBFD8CEF6A1847E57B /* Release */,
				4D81EB50CCF428E55681E1E2FFE128F9 /* Debug */,
			);
			defaultConfigurationIsVisible = 0;
			defaultConfigurationName = Release;
		};
/* End XCConfigurationList section */

/* Begin XCRemoteSwiftPackageReference section */
		17601C4D3E085B758A27288F649D6CCE /* XCRemoteSwiftPackageReference "Sparkle" */ = {
			isa = XCRemoteSwiftPackageReference;
			repositoryURL = "https://github.com/sparkle-project/Sparkle";
			requirement = {
				kind = exactVersion;
				version = 2.9.4;
			};
		};
/* End XCRemoteSwiftPackageReference section */

/* Begin XCSwiftPackageProductDependency section */
		4CCC971AAD5048A5C4B06882C97D5E7A /* Sparkle */ = {
			isa = XCSwiftPackageProductDependency;
			package = 17601C4D3E085B758A27288F649D6CCE /* XCRemoteSwiftPackageReference "Sparkle" */;
			productName = Sparkle;
		};
/* End XCSwiftPackageProductDependency section */
	};
	rootObject = F94ED967A767D819CF5A4ADF72E00FE7 /* Project object */;
}
